
Microsoft Visual Studio Solution File, Format Version 12.00
# Visual Studio Version 16
VisualStudioVersion = 16.0.31424.327
MinimumVisualStudioVersion = 10.0.40219.1
Project("{FAE04EC0-301F-11D3-BF4B-00C04F79EFBC}") = "LINQ", "LINQ\LINQ.csproj", "{050C1190-4A76-47CB-9DBD-D5C590F9C51C}"
EndProject
Global
	GlobalSection(SolutionConfigurationPlatforms) = preSolution
		Debug|Any CPU = Debug|Any CPU
		Release|Any CPU = Release|Any CPU
	EndGlobalSection
	GlobalSection(ProjectConfigurationPlatforms) = postSolution
		{050C1190-4A76-47CB-9DBD-D5C590F9C51C}.Debug|Any CPU.ActiveCfg = Debug|Any CPU
		{050C1190-4A76-47CB-9DBD-D5C590F9C51C}.Debug|Any CPU.Build.0 = Debug|Any CPU
		{050C1190-4A76-47CB-9DBD-D5C590F9C51C}.Release|Any CPU.ActiveCfg = Release|Any CPU
		{050C1190-4A76-47CB-9DBD-D5C590F9C51C}.Release|Any CPU.Build.0 = Release|Any CPU
	EndGlobalSection
	GlobalSection(SolutionProperties) = preSolution
		HideSolutionNode = FALSE
	EndGlobalSection
	GlobalSection(ExtensibilityGlobals) = postSolution
		SolutionGuid = {D6EEB037-425C-4923-8CD4-2B7A7F71D72D}
	EndGlobalSection
EndGlobal
